// !$*UTF8*$!
{
	archiveVersion = 1;
	classes = {
	};
	objectVersion = 46;
	objects = {

/* Begin PBXBuildFile section */
		35BC32E31EA0B409000EC86E /* main.m in Sources */ = {isa = PBXBuildFile; fileRef = 35BC32E21EA0B409000EC86E /* main.m */; };
		35BC32E61EA0B409000EC86E /* AppDelegate.m in Sources */ = {isa = PBXBuildFile; fileRef = 35BC32E51EA0B409000EC86E /* AppDelegate.m */; };
		35BC32E91EA0B409000EC86E /* ViewController.m in Sources */ = {isa = PBXBuildFile; fileRef = 35BC32E81EA0B409000EC86E /* ViewController.m */; };
		35BC32EC1EA0B409000EC86E /* Main.storyboard in Resources */ = {isa = PBXBuildFile; fileRef = 35BC32EA1EA0B409000EC86E /* Main.storyboard */; };
		35BC32EE1EA0B409000EC86E /* Assets.xcassets in Resources */ = {isa = PBXBuildFile; fileRef = 35BC32ED1EA0B409000EC86E /* Assets.xcassets */; };
		35BC32F11EA0B409000EC86E /* LaunchScreen.storyboard in Resources */ = {isa = PBXBuildFile; fileRef = 35BC32EF1EA0B409000EC86E /* LaunchScreen.storyboard */; };
		35BC32FA1EA0B576000EC86E /* MXNavigationBarManager.m in Sources */ = {isa = PBXBuildFile; fileRef = 35BC32F91EA0B576000EC86E /* MXNavigationBarManager.m */; };
/* End PBXBuildFile section */

/* Begin PBXFileReference section */
		35BC32DE1EA0B409000EC86E /* LLXNavigationBar.app */ = {isa = PBXFileReference; explicitFileType = wrapper.application; includeInIndex = 0; path = LLXNavigationBar.app; sourceTree = BUILT_PRODUCTS_DIR; };
		35BC32E21EA0B409000EC86E /* main.m */ = {isa = PBXFileReference; lastKnownFileType = sourcecode.c.objc; path = main.m; sourceTree = "<group>"; };
		35BC32E41EA0B409000EC86E /* AppDelegate.h */ = {isa = PBXFileReference; lastKnownFileType = sourcecode.c.h; path = AppDelegate.h; sourceTree = "<group>"; };
		35BC32E51EA0B409000EC86E /* AppDelegate.m */ = {isa = PBXFileReference; lastKnownFileType = sourcecode.c.objc; path = AppDelegate.m; sourceTree = "<group>"; };
		35BC32E71EA0B409000EC86E /* ViewController.h */ = {isa = PBXFileReference; lastKnownFileType = sourcecode.c.h; path = ViewController.h; sourceTree = "<group>"; };
		35BC32E81EA0B409000EC86E /* ViewController.m */ = {isa = PBXFileReference; lastKnownFileType = sourcecode.c.objc; path = ViewController.m; sourceTree = "<group>"; };
		35BC32EB1EA0B409000EC86E /* Base */ = {isa = PBXFileReference; lastKnownFileType = file.storyboard; name = Base; path = Base.lproj/Main.storyboard; sourceTree = "<group>"; };
		35BC32ED1EA0B409000EC86E /* Assets.xcassets */ = {isa = PBXFileReference; lastKnownFileType = folder.assetcatalog; path = Assets.xcassets; sourceTree = "<group>"; };
		35BC32F01EA0B409000EC86E /* Base */ = {isa = PBXFileReference; lastKnownFileType = file.storyboard; name = Base; path = Base.lproj/LaunchScreen.storyboard; sourceTree = "<group>"; };
		35BC32F21EA0B409000EC86E /* Info.plist */ = {isa = PBXFileReference; lastKnownFileType = text.plist.xml; path = Info.plist; sourceTree = "<group>"; };
		35BC32F81EA0B576000EC86E /* MXNavigationBarManager.h */ = {isa = PBXFileReference; fileEncoding = 4; lastKnownFileType = sourcecode.c.h; path = MXNavigationBarManager.h; sourceTree = "<group>"; };
		35BC32F91EA0B576000EC86E /* MXNavigationBarManager.m */ = {isa = PBXFileReference; fileEncoding = 4; lastKnownFileType = sourcecode.c.objc; path = MXNavigationBarManager.m; sourceTree = "<group>"; };
/* End PBXFileReference section */

/* Begin PBXFrameworksBuildPhase section */
		35BC32DB1EA0B409000EC86E /* Frameworks */ = {
			isa = PBXFrameworksBuildPhase;
			buildActionMask = 2147483647;
			files = (
			);
			runOnlyForDeploymentPostprocessing = 0;
		};
/* End PBXFrameworksBuildPhase section */

/* Begin PBXGroup section */
		35BC32D51EA0B409000EC86E = {
			isa = PBXGroup;
			children = (
				35BC32E01EA0B409000EC86E /* LLXNavigationBar */,
				35BC32DF1EA0B409000EC86E /* Products */,
			);
			sourceTree = "<group>";
		};
		35BC32DF1EA0B409000EC86E /* Products */ = {
			isa = PBXGroup;
			children = (
				35BC32DE1EA0B409000EC86E /* LLXNavigationBar.app */,
			);
			name = Products;
			sourceTree = "<group>";
		};
		35BC32E01EA0B409000EC86E /* LLXNavigationBar */ = {
			isa = PBXGroup;
			children = (
				35BC32E41EA0B409000EC86E /* AppDelegate.h */,
				35BC32E51EA0B409000EC86E /* AppDelegate.m */,
				35BC32E71EA0B409000EC86E /* ViewController.h */,
				35BC32E81EA0B409000EC86E /* ViewController.m */,
				35BC32F81EA0B576000EC86E /* MXNavigationBarManager.h */,
				35BC32F91EA0B576000EC86E /* MXNavigationBarManager.m */,
				35BC32EA1EA0B409000EC86E /* Main.storyboard */,
				35BC32ED1EA0B409000EC86E /* Assets.xcassets */,
				35BC32EF1EA0B409000EC86E /* LaunchScreen.storyboard */,
				35BC32F21EA0B409000EC86E /* Info.plist */,
				35BC32E11EA0B409000EC86E /* Supporting Files */,
			);
			path = LLXNavigationBar;
			sourceTree = "<group>";
		};
		35BC32E11EA0B409000EC86E /* Supporting Files */ = {
			isa = PBXGroup;
			children = (
				35BC32E21EA0B409000EC86E /* main.m */,
			);
			name = "Supporting Files";
			sourceTree = "<group>";
		};
/* End PBXGroup section */

/* Begin PBXNativeTarget section */
		35BC32DD1EA0B409000EC86E /* LLXNavigationBar */ = {
			isa = PBXNativeTarget;
			buildConfigurationList = 35BC32F51EA0B409000EC86E /* Build configuration list for PBXNativeTarget "LLXNavigationBar" */;
			buildPhases = (
				35BC32DA1EA0B409000EC86E /* Sources */,
				35BC32DB1EA0B409000EC86E /* Frameworks */,
				35BC32DC1EA0B409000EC86E /* Resources */,
			);
			buildRules = (
			);
			dependencies = (
			);
			name = LLXNavigationBar;
			productName = LLXNavigationBar;
			productReference = 35BC32DE1EA0B409000EC86E /* LLXNavigationBar.app */;
			productType = "com.apple.product-type.application";
		};
/* End PBXNativeTarget section */

/* Begin PBXProject section */
		35BC32D61EA0B409000EC86E /* Project object */ = {
			isa = PBXProject;
			attributes = {
				LastUpgradeCheck = 0830;
				ORGANIZATIONNAME = "林喜";
				TargetAttributes = {
					35BC32DD1EA0B409000EC86E = {
						CreatedOnToolsVersion = 8.3.1;
						DevelopmentTeam = 3CT6VQ4757;
						ProvisioningStyle = Automatic;
					};
				};
			};
			buildConfigurationList = 35BC32D91EA0B409000EC86E /* Build configuration list for PBXProject "LLXNavigationBar" */;
			compatibilityVersion = "Xcode 3.2";
			developmentRegion = English;
			hasScannedForEncodings = 0;
			knownRegions = (
				en,
				Base,
			);
			mainGroup = 35BC32D51EA0B409000EC86E;
			productRefGroup = 35BC32DF1EA0B409000EC86E /* Products */;
			projectDirPath = "";
			projectRoot = "";
			targets = (
				35BC32DD1EA0B409000EC86E /* LLXNavigationBar */,
			);
		};
/* End PBXProject section */

/* Begin PBXResourcesBuildPhase section */
		35BC32DC1EA0B409000EC86E /* Resources */ = {
			isa = PBXResourcesBuildPhase;
			buildActionMask = 2147483647;
			files = (
				35BC32F11EA0B409000EC86E /* LaunchScreen.storyboard in Resources */,
				35BC32EE1EA0B409000EC86E /* Assets.xcassets in Resources */,
				35BC32EC1EA0B409000EC86E /* Main.storyboard in Resources */,
			);
			runOnlyForDeploymentPostprocessing = 0;
		};
/* End PBXResourcesBuildPhase section */

/* Begin PBXSourcesBuildPhase section */
		35BC32DA1EA0B409000EC86E /* Sources */ = {
			isa = PBXSourcesBuildPhase;
			buildActionMask = 2147483647;
			files = (
				35BC32FA1EA0B576000EC86E /* MXNavigationBarManager.m in Sources */,
				35BC32E91EA0B409000EC86E /* ViewController.m in Sources */,
				35BC32E61EA0B409000EC86E /* AppDelegate.m in Sources */,
				35BC32E31EA0B409000EC86E /* main.m in Sources */,
			);
			runOnlyForDeploymentPostprocessing = 0;
		};
/* End PBXSourcesBuildPhase section */

/* Begin PBXVariantGroup section */
		35BC32EA1EA0B409000EC86E /* Main.storyboard */ = {
			isa = PBXVariantGroup;
			children = (
				35BC32EB1EA0B409000EC86E /* Base */,
			);
			name = Main.storyboard;
			sourceTree = "<group>";
		};
		35BC32EF1EA0B409000EC86E /* LaunchScreen.storyboard */ = {
			isa = PBXVariantGroup;
			children = (
				35BC32F01EA0B409000EC86E /* Base */,
			);
			name = LaunchScreen.storyboard;
			sourceTree = "<group>";
		};
/* End PBXVariantGroup section */

/* Begin XCBuildConfiguration section */
		35BC32F31EA0B409000EC86E /* Debug */ = {
			isa = XCBuildConfiguration;
			buildSettings = {
				ALWAYS_SEARCH_USER_PATHS = NO;
				CLANG_ANALYZER_NONNULL = YES;
				CLANG_ANALYZER_NUMBER_OBJECT_CONVERSION = YES_AGGRESSIVE;
				CLANG_CXX_LANGUAGE_STANDARD = "gnu++0x";
				CLANG_CXX_LIBRARY = "libc++";
				CLANG_ENABLE_MODULES = YES;
				CLANG_ENABLE_OBJC_ARC = YES;
				CLANG_WARN_BOOL_CONVERSION = YES;
				CLANG_WARN_CONSTANT_CONVERSION = YES;
				CLANG_WARN_DIRECT_OBJC_ISA_USAGE = YES_ERROR;
				CLANG_WARN_DOCUMENTATION_COMMENTS = YES;
				CLANG_WARN_EMPTY_BODY = YES;
				CLANG_WARN_ENUM_CONVERSION = YES;
				CLANG_WARN_INFINITE_RECURSION = YES;
				CLANG_WARN_INT_CONVERSION = YES;
				CLANG_WARN_OBJC_ROOT_CLASS = YES_ERROR;
				CLANG_WARN_SUSPICIOUS_MOVE = YES;
				CLANG_WARN_UNREACHABLE_CODE = YES;
				CLANG_WARN__DUPLICATE_METHOD_MATCH = YES;
				"CODE_SIGN_IDENTITY[sdk=iphoneos*]" = "iPhone Developer";
				COPY_PHASE_STRIP = NO;
				DEBUG_INFORMATION_FORMAT = dwarf;
				ENABLE_STRICT_OBJC_MSGSEND = YES;
				ENABLE_TESTABILITY = YES;
				GCC_C_LANGUAGE_STANDARD = gnu99;
				GCC_DYNAMIC_NO_PIC = NO;
				GCC_NO_COMMON_BLOCKS = YES;
				GCC_OPTIMIZATION_LEVEL = 0;
				GCC_PREPROCESSOR_DEFINITIONS = (
					"DEBUG=1",
					"$(inherited)",
				);
				GCC_WARN_64_TO_32_BIT_CONVERSION = YES;
				GCC_WARN_ABOUT_RETURN_TYPE = YES_ERROR;
				GCC_WARN_UNDECLARED_SELECTOR = YES;
				GCC_WARN_UNINITIALIZED_AUTOS = YES_AGGRESSIVE;
				GCC_WARN_UNUSED_FUNCTION = YES;
				GCC_WARN_UNUSED_VARIABLE = YES;
				IPHONEOS_DEPLOYMENT_TARGET = 10.3;
				MTL_ENABLE_DEBUG_INFO = YES;
				ONLY_ACTIVE_ARCH = YES;
				SDKROOT = iphoneos;
				TARGETED_DEVICE_FAMILY = "1,2";
			};
			name = Debug;
		};
		35BC32F41EA0B409000EC86E /* Release */ = {
			isa = XCBuildConfiguration;
			buildSettings = {
				ALWAYS_SEARCH_USER_PATHS = NO;
				CLANG_ANALYZER_NONNULL = YES;
				CLANG_ANALYZER_NUMBER_OBJECT_CONVERSION = YES_AGGRESSIVE;
				CLANG_CXX_LANGUAGE_STANDARD = "gnu++0x";
				CLANG_CXX_LIBRARY = "libc++";
				CLANG_ENABLE_MODULES = YES;
				CLANG_ENABLE_OBJC_ARC = YES;
				CLANG_WARN_BOOL_CONVERSION = YES;
				CLANG_WARN_CONSTANT_CONVERSION = YES;
				CLANG_WARN_DIRECT_OBJC_ISA_USAGE = YES_ERROR;
				CLANG_WARN_DOCUMENTATION_COMMENTS = YES;
				CLANG_WARN_EMPTY_BODY = YES;
				CLANG_WARN_ENUM_CONVERSION = YES;
				CLANG_WARN_INFINITE_RECURSION = YES;
				CLANG_WARN_INT_CONVERSION = YES;
				CLANG_WARN_OBJC_ROOT_CLASS = YES_ERROR;
				CLANG_WARN_SUSPICIOUS_MOVE = YES;
				CLANG_WARN_UNREACHABLE_CODE = YES;
				CLANG_WARN__DUPLICATE_METHOD_MATCH = YES;
				"CODE_SIGN_IDENTITY[sdk=iphoneos*]" = "iPhone Developer";
				COPY_PHASE_STRIP = NO;
				DEBUG_INFORMATION_FORMAT = "dwarf-with-dsym";
				ENABLE_NS_ASSERTIONS = NO;
				ENABLE_STRICT_OBJC_MSGSEND = YES;
				GCC_C_LANGUAGE_STANDARD = gnu99;
				GCC_NO_COMMON_BLOCKS = YES;
				GCC_WARN_64_TO_32_BIT_CONVERSION = YES;
				GCC_WARN_ABOUT_RETURN_TYPE = YES_ERROR;
				GCC_WARN_UNDECLARED_SELECTOR = YES;
				GCC_WARN_UNINITIALIZED_AUTOS = YES_AGGRESSIVE;
				GCC_WARN_UNUSED_FUNCTION = YES;
				GCC_WARN_UNUSED_VARIABLE = YES;
				IPHONEOS_DEPLOYMENT_TARGET = 10.3;
				MTL_ENABLE_DEBUG_INFO = NO;
				SDKROOT = iphoneos;
				TARGETED_DEVICE_FAMILY = "1,2";
				VALIDATE_PRODUCT = YES;
			};
			name = Release;
		};
		35BC32F61EA0B409000EC86E /* Debug */ = {
			isa = XCBuildConfiguration;
			buildSettings = {
				ASSETCATALOG_COMPILER_APPICON_NAME = AppIcon;
				DEVELOPMENT_TEAM = 3CT6VQ4757;
				INFOPLIST_FILE = LLXNavigationBar/Info.plist;
				LD_RUNPATH_SEARCH_PATHS = "$(inherited) @executable_path/Frameworks";
				PRODUCT_BUNDLE_IDENTIFIER = linxi.LLXNavigationBar;
				PRODUCT_NAME = "$(TARGET_NAME)";
			};
			name = Debug;
		};
		35BC32F71EA0B409000EC86E /* Release */ = {
			isa = XCBuildConfiguration;
			buildSettings = {
				ASSETCATALOG_COMPILER_APPICON_NAME = AppIcon;
				DEVELOPMENT_TEAM = 3CT6VQ4757;
				INFOPLIST_FILE = LLXNavigationBar/Info.plist;
				LD_RUNPATH_SEARCH_PATHS = "$(inherited) @executable_path/Frameworks";
				PRODUCT_BUNDLE_IDENTIFIER = linxi.LLXNavigationBar;
				PRODUCT_NAME = "$(TARGET_NAME)";
			};
			name = Release;
		};
/* End XCBuildConfiguration section */

/* Begin XCConfigurationList section */
		35BC32D91EA0B409000EC86E /* Build configuration list for PBXProject "LLXNavigationBar" */ = {
			isa = XCConfigurationList;
			buildConfigurations = (
				35BC32F31EA0B409000EC86E /* Debug */,
				35BC32F41EA0B409000EC86E /* Release */,
			);
			defaultConfigurationIsVisible = 0;
			defaultConfigurationName = Release;
		};
		35BC32F51EA0B409000EC86E /* Build configuration list for PBXNativeTarget "LLXNavigationBar" */ = {
			isa = XCConfigurationList;
			buildConfigurations = (
				35BC32F61EA0B409000EC86E /* Debug */,
				35BC32F71EA0B409000EC86E /* Release */,
			);
			defaultConfigurationIsVisible = 0;
		};
/* End XCConfigurationList section */
	};
	rootObject = 35BC32D61EA0B409000EC86E /* Project object */;
}
